// !$*UTF8*$!
{
	archiveVersion = 1;
	classes = {
	};
	objectVersion = 56;
	objects = {

/* Begin PBXBuildFile section */
		A3AA7F5D2AFAAFE50073C50B /* WetherAppApp.swift in Sources */ = {isa = PBXBuildFile; fileRef = A3AA7F5C2AFAAFE50073C50B /* WetherAppApp.swift */; };
		A3AA7F5F2AFAAFE50073C50B /* ContentView.swift in Sources */ = {isa = PBXBuildFile; fileRef = A3AA7F5E2AFAAFE50073C50B /* ContentView.swift */; };
		A3AA7F612AFAAFE70073C50B /* Assets.xcassets in Resources */ = {isa = PBXBuildFile; fileRef = A3AA7F602AFAAFE70073C50B /* Assets.xcassets */; };
		A3AA7F652AFAAFE70073C50B /* Preview Assets.xcassets in Resources */ = {isa = PBXBuildFile; fileRef = A3AA7F642AFAAFE70073C50B /* Preview Assets.xcassets */; };
		A3AA7F6F2AFAAFE70073C50B /* WetherAppTests.swift in Sources */ = {isa = PBXBuildFile; fileRef = A3AA7F6E2AFAAFE70073C50B /* WetherAppTests.swift */; };
		A3AA7F792AFAAFE70073C50B /* WetherAppUITests.swift in Sources */ = {isa = PBXBuildFile; fileRef = A3AA7F782AFAAFE70073C50B /* WetherAppUITests.swift */; };
		A3AA7F7B2AFAAFE70073C50B /* WetherAppUITestsLaunchTests.swift in Sources */ = {isa = PBXBuildFile; fileRef = A3AA7F7A2AFAAFE70073C50B /* WetherAppUITestsLaunchTests.swift */; };
		A3AA7F892AFAB2E00073C50B /* LocationManager.swift in Sources */ = {isa = PBXBuildFile; fileRef = A3AA7F882AFAB2E00073C50B /* LocationManager.swift */; };
		A3AA7F8C2AFABBCB0073C50B /* WelcomeView.swift in Sources */ = {isa = PBXBuildFile; fileRef = A3AA7F8B2AFABBCB0073C50B /* WelcomeView.swift */; };
		A3EFDF2F2AFB4AF8004FAADE /* LoadingView.swift in Sources */ = {isa = PBXBuildFile; fileRef = A3EFDF2E2AFB4AF8004FAADE /* LoadingView.swift */; };
/* End PBXBuildFile section */

/* Begin PBXContainerItemProxy section */
		A3AA7F6B2AFAAFE70073C50B /* PBXContainerItemProxy */ = {
			isa = PBXContainerItemProxy;
			containerPortal = A3AA7F512AFAAFE50073C50B /* Project object */;
			proxyType = 1;
			remoteGlobalIDString = A3AA7F582AFAAFE50073C50B;
			remoteInfo = WetherApp;
		};
		A3AA7F752AFAAFE70073C50B /* PBXContainerItemProxy */ = {
			isa = PBXContainerItemProxy;
			containerPortal = A3AA7F512AFAAFE50073C50B /* Project object */;
			proxyType = 1;
			remoteGlobalIDString = A3AA7F582AFAAFE50073C50B;
			remoteInfo = WetherApp;
		};
/* End PBXContainerItemProxy section */

/* Begin PBXFileReference section */
		A3AA7F592AFAAFE50073C50B /* WetherApp.app */ = {isa = PBXFileReference; explicitFileType = wrapper.application; includeInIndex = 0; path = WetherApp.app; sourceTree = BUILT_PRODUCTS_DIR; };
		A3AA7F5C2AFAAFE50073C50B /* WetherAppApp.swift */ = {isa = PBXFileReference; lastKnownFileType = sourcecode.swift; path = WetherAppApp.swift; sourceTree = "<group>"; };
		A3AA7F5E2AFAAFE50073C50B /* ContentView.swift */ = {isa = PBXFileReference; lastKnownFileType = sourcecode.swift; path = ContentView.swift; sourceTree = "<group>"; };
		A3AA7F602AFAAFE70073C50B /* Assets.xcassets */ = {isa = PBXFileReference; lastKnownFileType = folder.assetcatalog; path = Assets.xcassets; sourceTree = "<group>"; };
		A3AA7F622AFAAFE70073C50B /* WetherApp.entitlements */ = {isa = PBXFileReference; lastKnownFileType = text.plist.entitlements; path = WetherApp.entitlements; sourceTree = "<group>"; };
		A3AA7F642AFAAFE70073C50B /* Preview Assets.xcassets */ = {isa = PBXFileReference; lastKnownFileType = folder.assetcatalog; path = "Preview Assets.xcassets"; sourceTree = "<group>"; };
		A3AA7F6A2AFAAFE70073C50B /* WetherAppTests.xctest */ = {isa = PBXFileReference; explicitFileType = wrapper.cfbundle; includeInIndex = 0; path = WetherAppTests.xctest; sourceTree = BUILT_PRODUCTS_DIR; };
		A3AA7F6E2AFAAFE70073C50B /* WetherAppTests.swift */ = {isa = PBXFileReference; lastKnownFileType = sourcecode.swift; path = WetherAppTests.swift; sourceTree = "<group>"; };
		A3AA7F742AFAAFE70073C50B /* WetherAppUITests.xctest */ = {isa = PBXFileReference; explicitFileType = wrapper.cfbundle; includeInIndex = 0; path = WetherAppUITests.xctest; sourceTree = BUILT_PRODUCTS_DIR; };
		A3AA7F782AFAAFE70073C50B /* WetherAppUITests.swift */ = {isa = PBXFileReference; lastKnownFileType = sourcecode.swift; path = WetherAppUITests.swift; sourceTree = "<group>"; };
		A3AA7F7A2AFAAFE70073C50B /* WetherAppUITestsLaunchTests.swift */ = {isa = PBXFileReference; lastKnownFileType = sourcecode.swift; path = WetherAppUITestsLaunchTests.swift; sourceTree = "<group>"; };
		A3AA7F882AFAB2E00073C50B /* LocationManager.swift */ = {isa = PBXFileReference; lastKnownFileType = sourcecode.swift; path = LocationManager.swift; sourceTree = "<group>"; };
		A3AA7F8B2AFABBCB0073C50B /* WelcomeView.swift */ = {isa = PBXFileReference; lastKnownFileType = sourcecode.swift; path = WelcomeView.swift; sourceTree = "<group>"; };
		A3EFDF2E2AFB4AF8004FAADE /* LoadingView.swift */ = {isa = PBXFileReference; lastKnownFileType = sourcecode.swift; path = LoadingView.swift; sourceTree = "<group>"; };
/* End PBXFileReference section */

/* Begin PBXFrameworksBuildPhase section */
		A3AA7F562AFAAFE50073C50B /* Frameworks */ = {
			isa = PBXFrameworksBuildPhase;
			buildActionMask = 2147483647;
			files = (
			);
			runOnlyForDeploymentPostprocessing = 0;
		};
		A3AA7F672AFAAFE70073C50B /* Frameworks */ = {
			isa = PBXFrameworksBuildPhase;
			buildActionMask = 2147483647;
			files = (
			);
			runOnlyForDeploymentPostprocessing = 0;
		};
		A3AA7F712AFAAFE70073C50B /* Frameworks */ = {
			isa = PBXFrameworksBuildPhase;
			buildActionMask = 2147483647;
			files = (
			);
			runOnlyForDeploymentPostprocessing = 0;
		};
/* End PBXFrameworksBuildPhase section */

/* Begin PBXGroup section */
		A3AA7F502AFAAFE50073C50B = {
			isa = PBXGroup;
			children = (
				A3AA7F5B2AFAAFE50073C50B /* WetherApp */,
				A3AA7F6D2AFAAFE70073C50B /* WetherAppTests */,
				A3AA7F772AFAAFE70073C50B /* WetherAppUITests */,
				A3AA7F5A2AFAAFE50073C50B /* Products */,
			);
			sourceTree = "<group>";
		};
		A3AA7F5A2AFAAFE50073C50B /* Products */ = {
			isa = PBXGroup;
			children = (
				A3AA7F592AFAAFE50073C50B /* WetherApp.app */,
				A3AA7F6A2AFAAFE70073C50B /* WetherAppTests.xctest */,
				A3AA7F742AFAAFE70073C50B /* WetherAppUITests.xctest */,
			);
			name = Products;
			sourceTree = "<group>";
		};
		A3AA7F5B2AFAAFE50073C50B /* WetherApp */ = {
			isa = PBXGroup;
			children = (
				A3AA7F8A2AFAB62A0073C50B /* Views */,
				A3AA7F872AFAB28F0073C50B /* Managers */,
				A3AA7F5C2AFAAFE50073C50B /* WetherAppApp.swift */,
				A3AA7F602AFAAFE70073C50B /* Assets.xcassets */,
				A3AA7F622AFAAFE70073C50B /* WetherApp.entitlements */,
				A3AA7F632AFAAFE70073C50B /* Preview Content */,
			);
			path = WetherApp;
			sourceTree = "<group>";
		};
		A3AA7F632AFAAFE70073C50B /* Preview Content */ = {
			isa = PBXGroup;
			children = (
				A3AA7F642AFAAFE70073C50B /* Preview Assets.xcassets */,
			);
			path = "Preview Content";
			sourceTree = "<group>";
		};
		A3AA7F6D2AFAAFE70073C50B /* WetherAppTests */ = {
			isa = PBXGroup;
			children = (
				A3AA7F6E2AFAAFE70073C50B /* WetherAppTests.swift */,
			);
			path = WetherAppTests;
			sourceTree = "<group>";
		};
		A3AA7F772AFAAFE70073C50B /* WetherAppUITests */ = {
			isa = PBXGroup;
			children = (
				A3AA7F782AFAAFE70073C50B /* WetherAppUITests.swift */,
				A3AA7F7A2AFAAFE70073C50B /* WetherAppUITestsLaunchTests.swift */,
			);
			path = WetherAppUITests;
			sourceTree = "<group>";
		};
		A3AA7F872AFAB28F0073C50B /* Managers */ = {
			isa = PBXGroup;
			children = (
				A3AA7F882AFAB2E00073C50B /* LocationManager.swift */,
			);
			path = Managers;
			sourceTree = "<group>";
		};
		A3AA7F8A2AFAB62A0073C50B /* Views */ = {
			isa = PBXGroup;
			children = (
				A3AA7F5E2AFAAFE50073C50B /* ContentView.swift */,
				A3AA7F8B2AFABBCB0073C50B /* WelcomeView.swift */,
				A3EFDF2E2AFB4AF8004FAADE /* LoadingView.swift */,
			);
			path = Views;
			sourceTree = "<group>";
		};
/* End PBXGroup section */

/* Begin PBXNativeTarget section */
		A3AA7F582AFAAFE50073C50B /* WetherApp */ = {
			isa = PBXNativeTarget;
			buildConfigurationList = A3AA7F7E2AFAAFE70073C50B /* Build configuration list for PBXNativeTarget "WetherApp" */;
			buildPhases = (
				A3AA7F552AFAAFE50073C50B /* Sources */,
				A3AA7F562AFAAFE50073C50B /* Frameworks */,
				A3AA7F572AFAAFE50073C50B /* Resources */,
			);
			buildRules = (
			);
			dependencies = (
			);
			name = WetherApp;
			productName = WetherApp;
			productReference = A3AA7F592AFAAFE50073C50B /* WetherApp.app */;
			productType = "com.apple.product-type.application";
		};
		A3AA7F692AFAAFE70073C50B /* WetherAppTests */ = {
			isa = PBXNativeTarget;
			buildConfigurationList = A3AA7F812AFAAFE70073C50B /* Build configuration list for PBXNativeTarget "WetherAppTests" */;
			buildPhases = (
				A3AA7F662AFAAFE70073C50B /* Sources */,
				A3AA7F672AFAAFE70073C50B /* Frameworks */,
				A3AA7F682AFAAFE70073C50B /* Resources */,
			);
			buildRules = (
			);
			dependencies = (
				A3AA7F6C2AFAAFE70073C50B /* PBXTargetDependency */,
			);
			name = WetherAppTests;
			productName = WetherAppTests;
			productReference = A3AA7F6A2AFAAFE70073C50B /* WetherAppTests.xctest */;
			productType = "com.apple.product-type.bundle.unit-test";
		};
		A3AA7F732AFAAFE70073C50B /* WetherAppUITests */ = {
			isa = PBXNativeTarget;
			buildConfigurationList = A3AA7F842AFAAFE70073C50B /* Build configuration list for PBXNativeTarget "WetherAppUITests" */;
			buildPhases = (
				A3AA7F702AFAAFE70073C50B /* Sources */,
				A3AA7F712AFAAFE70073C50B /* Frameworks */,
				A3AA7F722AFAAFE70073C50B /* Resources */,
			);
			buildRules = (
			);
			dependencies = (
				A3AA7F762AFAAFE70073C50B /* PBXTargetDependency */,
			);
			name = WetherAppUITests;
			productName = WetherAppUITests;
			productReference = A3AA7F742AFAAFE70073C50B /* WetherAppUITests.xctest */;
			productType = "com.apple.product-type.bundle.ui-testing";
		};
/* End PBXNativeTarget section */

/* Begin PBXProject section */
		A3AA7F512AFAAFE50073C50B /* Project object */ = {
			isa = PBXProject;
			attributes = {
				BuildIndependentTargetsInParallel = 1;
				LastSwiftUpdateCheck = 1430;
				LastUpgradeCheck = 1430;
				TargetAttributes = {
					A3AA7F582AFAAFE50073C50B = {
						CreatedOnToolsVersion = 14.3.1;
					};
					A3AA7F692AFAAFE70073C50B = {
						CreatedOnToolsVersion = 14.3.1;
						TestTargetID = A3AA7F582AFAAFE50073C50B;
					};
					A3AA7F732AFAAFE70073C50B = {
						CreatedOnToolsVersion = 14.3.1;
						TestTargetID = A3AA7F582AFAAFE50073C50B;
					};
				};
			};
			buildConfigurationList = A3AA7F542AFAAFE50073C50B /* Build configuration list for PBXProject "WetherApp" */;
			compatibilityVersion = "Xcode 14.0";
			developmentRegion = en;
			hasScannedForEncodings = 0;
			knownRegions = (
				en,
				Base,
			);
			mainGroup = A3AA7F502AFAAFE50073C50B;
			productRefGroup = A3AA7F5A2AFAAFE50073C50B /* Products */;
			projectDirPath = "";
			projectRoot = "";
			targets = (
				A3AA7F582AFAAFE50073C50B /* WetherApp */,
				A3AA7F692AFAAFE70073C50B /* WetherAppTests */,
				A3AA7F732AFAAFE70073C50B /* WetherAppUITests */,
			);
		};
/* End PBXProject section */

/* Begin PBXResourcesBuildPhase section */
		A3AA7F572AFAAFE50073C50B /* Resources */ = {
			isa = PBXResourcesBuildPhase;
			buildActionMask = 2147483647;
			files = (
				A3AA7F652AFAAFE70073C50B /* Preview Assets.xcassets in Resources */,
				A3AA7F612AFAAFE70073C50B /* Assets.xcassets in Resources */,
			);
			runOnlyForDeploymentPostprocessing = 0;
		};
		A3AA7F682AFAAFE70073C50B /* Resources */ = {
			isa = PBXResourcesBuildPhase;
			buildActionMask = 2147483647;
			files = (
			);
			runOnlyForDeploymentPostprocessing = 0;
		};
		A3AA7F722AFAAFE70073C50B /* Resources */ = {
			isa = PBXResourcesBuildPhase;
			buildActionMask = 2147483647;
			files = (
			);
			runOnlyForDeploymentPostprocessing = 0;
		};
/* End PBXResourcesBuildPhase section */

/* Begin PBXSourcesBuildPhase section */
		A3AA7F552AFAAFE50073C50B /* Sources */ = {
			isa = PBXSourcesBuildPhase;
			buildActionMask = 2147483647;
			files = (
				A3AA7F5F2AFAAFE50073C50B /* ContentView.swift in Sources */,
				A3AA7F5D2AFAAFE50073C50B /* WetherAppApp.swift in Sources */,
				A3AA7F892AFAB2E00073C50B /* LocationManager.swift in Sources */,
				A3EFDF2F2AFB4AF8004FAADE /* LoadingView.swift in Sources */,
				A3AA7F8C2AFABBCB0073C50B /* WelcomeView.swift in Sources */,
			);
			runOnlyForDeploymentPostprocessing = 0;
		};
		A3AA7F662AFAAFE70073C50B /* Sources */ = {
			isa = PBXSourcesBuildPhase;
			buildActionMask = 2147483647;
			files = (
				A3AA7F6F2AFAAFE70073C50B /* WetherAppTests.swift in Sources */,
			);
			runOnlyForDeploymentPostprocessing = 0;
		};
		A3AA7F702AFAAFE70073C50B /* Sources */ = {
			isa = PBXSourcesBuildPhase;
			buildActionMask = 2147483647;
			files = (
				A3AA7F792AFAAFE70073C50B /* WetherAppUITests.swift in Sources */,
				A3AA7F7B2AFAAFE70073C50B /* WetherAppUITestsLaunchTests.swift in Sources */,
			);
			runOnlyForDeploymentPostprocessing = 0;
		};
/* End PBXSourcesBuildPhase section */

/* Begin PBXTargetDependency section */
		A3AA7F6C2AFAAFE70073C50B /* PBXTargetDependency */ = {
			isa = PBXTargetDependency;
			target = A3AA7F582AFAAFE50073C50B /* WetherApp */;
			targetProxy = A3AA7F6B2AFAAFE70073C50B /* PBXContainerItemProxy */;
		};
		A3AA7F762AFAAFE70073C50B /* PBXTargetDependency */ = {
			isa = PBXTargetDependency;
			target = A3AA7F582AFAAFE50073C50B /* WetherApp */;
			targetProxy = A3AA7F752AFAAFE70073C50B /* PBXContainerItemProxy */;
		};
/* End PBXTargetDependency section */

/* Begin XCBuildConfiguration section */
		A3AA7F7C2AFAAFE70073C50B /* Debug */ = {
			isa = XCBuildConfiguration;
			buildSettings = {
				ALWAYS_SEARCH_USER_PATHS = NO;
				CLANG_ANALYZER_NONNULL = YES;
				CLANG_ANALYZER_NUMBER_OBJECT_CONVERSION = YES_AGGRESSIVE;
				CLANG_CXX_LANGUAGE_STANDARD = "gnu++20";
				CLANG_ENABLE_MODULES = YES;
				CLANG_ENABLE_OBJC_ARC = YES;
				CLANG_ENABLE_OBJC_WEAK = YES;
				CLANG_WARN_BLOCK_CAPTURE_AUTORELEASING = YES;
				CLANG_WARN_BOOL_CONVERSION = YES;
				CLANG_WARN_COMMA = YES;
				CLANG_WARN_CONSTANT_CONVERSION = YES;
				CLANG_WARN_DEPRECATED_OBJC_IMPLEMENTATIONS = YES;
				CLANG_WARN_DIRECT_OBJC_ISA_USAGE = YES_ERROR;
				CLANG_WARN_DOCUMENTATION_COMMENTS = YES;
				CLANG_WARN_EMPTY_BODY = YES;
				CLANG_WARN_ENUM_CONVERSION = YES;
				CLANG_WARN_INFINITE_RECURSION = YES;
				CLANG_WARN_INT_CONVERSION = YES;
				CLANG_WARN_NON_LITERAL_NULL_CONVERSION = YES;
				CLANG_WARN_OBJC_IMPLICIT_RETAIN_SELF = YES;
				CLANG_WARN_OBJC_LITERAL_CONVERSION = YES;
				CLANG_WARN_OBJC_ROOT_CLASS = YES_ERROR;
				CLANG_WARN_QUOTED_INCLUDE_IN_FRAMEWORK_HEADER = YES;
				CLANG_WARN_RANGE_LOOP_ANALYSIS = YES;
				CLANG_WARN_STRICT_PROTOTYPES = YES;
				CLANG_WARN_SUSPICIOUS_MOVE = YES;
				CLANG_WARN_UNGUARDED_AVAILABILITY = YES_AGGRESSIVE;
				CLANG_WARN_UNREACHABLE_CODE = YES;
				CLANG_WARN__DUPLICATE_METHOD_MATCH = YES;
				COPY_PHASE_STRIP = NO;
				DEBUG_INFORMATION_FORMAT = dwarf;
				ENABLE_STRICT_OBJC_MSGSEND = YES;
				ENABLE_TESTABILITY = YES;
				GCC_C_LANGUAGE_STANDARD = gnu11;
				GCC_DYNAMIC_NO_PIC = NO;
				GCC_NO_COMMON_BLOCKS = YES;
				GCC_OPTIMIZATION_LEVEL = 0;
				GCC_PREPROCESSOR_DEFINITIONS = (
					"DEBUG=1",
					"$(inherited)",
				);
				GCC_WARN_64_TO_32_BIT_CONVERSION = YES;
				GCC_WARN_ABOUT_RETURN_TYPE = YES_ERROR;
				GCC_WARN_UNDECLARED_SELECTOR = YES;
				GCC_WARN_UNINITIALIZED_AUTOS = YES_AGGRESSIVE;
				GCC_WARN_UNUSED_FUNCTION = YES;
				GCC_WARN_UNUSED_VARIABLE = YES;
				IPHONEOS_DEPLOYMENT_TARGET = 15.0;
				MACOSX_DEPLOYMENT_TARGET = 13.3;
				MTL_ENABLE_DEBUG_INFO = INCLUDE_SOURCE;
				MTL_FAST_MATH = YES;
				ONLY_ACTIVE_ARCH = YES;
				SWIFT_ACTIVE_COMPILATION_CONDITIONS = DEBUG;
				SWIFT_OPTIMIZATION_LEVEL = "-Onone";
			};
			name = Debug;
		};
		A3AA7F7D2AFAAFE70073C50B /* Release */ = {
			isa = XCBuildConfiguration;
			buildSettings = {
				ALWAYS_SEARCH_USER_PATHS = NO;
				CLANG_ANALYZER_NONNULL = YES;
				CLANG_ANALYZER_NUMBER_OBJECT_CONVERSION = YES_AGGRESSIVE;
				CLANG_CXX_LANGUAGE_STANDARD = "gnu++20";
				CLANG_ENABLE_MODULES = YES;
				CLANG_ENABLE_OBJC_ARC = YES;
				CLANG_ENABLE_OBJC_WEAK = YES;
				CLANG_WARN_BLOCK_CAPTURE_AUTORELEASING = YES;
				CLANG_WARN_BOOL_CONVERSION = YES;
				CLANG_WARN_COMMA = YES;
				CLANG_WARN_CONSTANT_CONVERSION = YES;
				CLANG_WARN_DEPRECATED_OBJC_IMPLEMENTATIONS = YES;
				CLANG_WARN_DIRECT_OBJC_ISA_USAGE = YES_ERROR;
				CLANG_WARN_DOCUMENTATION_COMMENTS = YES;
				CLANG_WARN_EMPTY_BODY = YES;
				CLANG_WARN_ENUM_CONVERSION = YES;
				CLANG_WARN_INFINITE_RECURSION = YES;
				CLANG_WARN_INT_CONVERSION = YES;
				CLANG_WARN_NON_LITERAL_NULL_CONVERSION = YES;
				CLANG_WARN_OBJC_IMPLICIT_RETAIN_SELF = YES;
				CLANG_WARN_OBJC_LITERAL_CONVERSION = YES;
				CLANG_WARN_OBJC_ROOT_CLASS = YES_ERROR;
				CLANG_WARN_QUOTED_INCLUDE_IN_FRAMEWORK_HEADER = YES;
				CLANG_WARN_RANGE_LOOP_ANALYSIS = YES;
				CLANG_WARN_STRICT_PROTOTYPES = YES;
				CLANG_WARN_SUSPICIOUS_MOVE = YES;
				CLANG_WARN_UNGUARDED_AVAILABILITY = YES_AGGRESSIVE;
				CLANG_WARN_UNREACHABLE_CODE = YES;
				CLANG_WARN__DUPLICATE_METHOD_MATCH = YES;
				COPY_PHASE_STRIP = NO;
				DEBUG_INFORMATION_FORMAT = "dwarf-with-dsym";
				ENABLE_NS_ASSERTIONS = NO;
				ENABLE_STRICT_OBJC_MSGSEND = YES;
				GCC_C_LANGUAGE_STANDARD = gnu11;
				GCC_NO_COMMON_BLOCKS = YES;
				GCC_WARN_64_TO_32_BIT_CONVERSION = YES;
				GCC_WARN_ABOUT_RETURN_TYPE = YES_ERROR;
				GCC_WARN_UNDECLARED_SELECTOR = YES;
				GCC_WARN_UNINITIALIZED_AUTOS = YES_AGGRESSIVE;
				GCC_WARN_UNUSED_FUNCTION = YES;
				GCC_WARN_UNUSED_VARIABLE = YES;
				IPHONEOS_DEPLOYMENT_TARGET = 15.0;
				MACOSX_DEPLOYMENT_TARGET = 13.3;
				MTL_ENABLE_DEBUG_INFO = NO;
				MTL_FAST_MATH = YES;
				SWIFT_COMPILATION_MODE = wholemodule;
				SWIFT_OPTIMIZATION_LEVEL = "-O";
			};
			name = Release;
		};
		A3AA7F7F2AFAAFE70073C50B /* Debug */ = {
			isa = XCBuildConfiguration;
			buildSettings = {
				ASSETCATALOG_COMPILER_APPICON_NAME = AppIcon;
				ASSETCATALOG_COMPILER_GLOBAL_ACCENT_COLOR_NAME = AccentColor;
				CODE_SIGN_ENTITLEMENTS = WetherApp/WetherApp.entitlements;
				CODE_SIGN_STYLE = Automatic;
				CURRENT_PROJECT_VERSION = 1;
				DEVELOPMENT_ASSET_PATHS = "\"WetherApp/Preview Content\"";
				DEVELOPMENT_TEAM = R866YHG6V5;
				ENABLE_HARDENED_RUNTIME = YES;
				ENABLE_PREVIEWS = YES;
				GENERATE_INFOPLIST_FILE = YES;
				"INFOPLIST_KEY_UIApplicationSceneManifest_Generation[sdk=iphoneos*]" = YES;
				"INFOPLIST_KEY_UIApplicationSceneManifest_Generation[sdk=iphonesimulator*]" = YES;
				"INFOPLIST_KEY_UIApplicationSupportsIndirectInputEvents[sdk=iphoneos*]" = YES;
				"INFOPLIST_KEY_UIApplicationSupportsIndirectInputEvents[sdk=iphonesimulator*]" = YES;
				"INFOPLIST_KEY_UILaunchScreen_Generation[sdk=iphoneos*]" = YES;
				"INFOPLIST_KEY_UILaunchScreen_Generation[sdk=iphonesimulator*]" = YES;
				"INFOPLIST_KEY_UIStatusBarStyle[sdk=iphoneos*]" = UIStatusBarStyleDefault;
				"INFOPLIST_KEY_UIStatusBarStyle[sdk=iphonesimulator*]" = UIStatusBarStyleDefault;
				INFOPLIST_KEY_UISupportedInterfaceOrientations_iPad = "UIInterfaceOrientationPortrait UIInterfaceOrientationPortraitUpsideDown UIInterfaceOrientationLandscapeLeft UIInterfaceOrientationLandscapeRight";
				INFOPLIST_KEY_UISupportedInterfaceOrientations_iPhone = "UIInterfaceOrientationPortrait UIInterfaceOrientationLandscapeLeft UIInterfaceOrientationLandscapeRight";
				IPHONEOS_DEPLOYMENT_TARGET = 15.0;
				LD_RUNPATH_SEARCH_PATHS = "@executable_path/Frameworks";
				"LD_RUNPATH_SEARCH_PATHS[sdk=macosx*]" = "@executable_path/../Frameworks";
				MACOSX_DEPLOYMENT_TARGET = 13.0;
				MARKETING_VERSION = 1.0;
				PRODUCT_BUNDLE_IDENTIFIER = com.safiribytes.WetherApp;
				PRODUCT_NAME = "$(TARGET_NAME)";
				SDKROOT = auto;
				SUPPORTED_PLATFORMS = "iphoneos iphonesimulator macosx";
				SWIFT_EMIT_LOC_STRINGS = YES;
				SWIFT_VERSION = 5.0;
				TARGETED_DEVICE_FAMILY = "1,2";
			};
			name = Debug;
		};
		A3AA7F802AFAAFE70073C50B /* Release */ = {
			isa = XCBuildConfiguration;
			buildSettings = {
				ASSETCATALOG_COMPILER_APPICON_NAME = AppIcon;
				ASSETCATALOG_COMPILER_GLOBAL_ACCENT_COLOR_NAME = AccentColor;
				CODE_SIGN_ENTITLEMENTS = WetherApp/WetherApp.entitlements;
				CODE_SIGN_STYLE = Automatic;
				CURRENT_PROJECT_VERSION = 1;
				DEVELOPMENT_ASSET_PATHS = "\"WetherApp/Preview Content\"";
				DEVELOPMENT_TEAM = R866YHG6V5;
				ENABLE_HARDENED_RUNTIME = YES;
				ENABLE_PREVIEWS = YES;
				GENERATE_INFOPLIST_FILE = YES;
				"INFOPLIST_KEY_UIApplicationSceneManifest_Generation[sdk=iphoneos*]" = YES;
				"INFOPLIST_KEY_UIApplicationSceneManifest_Generation[sdk=iphonesimulator*]" = YES;
				"INFOPLIST_KEY_UIApplicationSupportsIndirectInputEvents[sdk=iphoneos*]" = YES;
				"INFOPLIST_KEY_UIApplicationSupportsIndirectInputEvents[sdk=iphonesimulator*]" = YES;
				"INFOPLIST_KEY_UILaunchScreen_Generation[sdk=iphoneos*]" = YES;
				"INFOPLIST_KEY_UILaunchScreen_Generation[sdk=iphonesimulator*]" = YES;
				"INFOPLIST_KEY_UIStatusBarStyle[sdk=iphoneos*]" = UIStatusBarStyleDefault;
				"INFOPLIST_KEY_UIStatusBarStyle[sdk=iphonesimulator*]" = UIStatusBarStyleDefault;
				INFOPLIST_KEY_UISupportedInterfaceOrientations_iPad = "UIInterfaceOrientationPortrait UIInterfaceOrientationPortraitUpsideDown UIInterfaceOrientationLandscapeLeft UIInterfaceOrientationLandscapeRight";
				INFOPLIST_KEY_UISupportedInterfaceOrientations_iPhone = "UIInterfaceOrientationPortrait UIInterfaceOrientationLandscapeLeft UIInterfaceOrientationLandscapeRight";
				IPHONEOS_DEPLOYMENT_TARGET = 15.0;
				LD_RUNPATH_SEARCH_PATHS = "@executable_path/Frameworks";
				"LD_RUNPATH_SEARCH_PATHS[sdk=macosx*]" = "@executable_path/../Frameworks";
				MACOSX_DEPLOYMENT_TARGET = 13.0;
				MARKETING_VERSION = 1.0;
				PRODUCT_BUNDLE_IDENTIFIER = com.safiribytes.WetherApp;
				PRODUCT_NAME = "$(TARGET_NAME)";
				SDKROOT = auto;
				SUPPORTED_PLATFORMS = "iphoneos iphonesimulator macosx";
				SWIFT_EMIT_LOC_STRINGS = YES;
				SWIFT_VERSION = 5.0;
				TARGETED_DEVICE_FAMILY = "1,2";
			};
			name = Release;
		};
		A3AA7F822AFAAFE70073C50B /* Debug */ = {
			isa = XCBuildConfiguration;
			buildSettings = {
				ALWAYS_EMBED_SWIFT_STANDARD_LIBRARIES = YES;
				BUNDLE_LOADER = "$(TEST_HOST)";
				CODE_SIGN_STYLE = Automatic;
				CURRENT_PROJECT_VERSION = 1;
				DEVELOPMENT_TEAM = R866YHG6V5;
				GENERATE_INFOPLIST_FILE = YES;
				IPHONEOS_DEPLOYMENT_TARGET = 16.4;
				MACOSX_DEPLOYMENT_TARGET = 13.2;
				MARKETING_VERSION = 1.0;
				PRODUCT_BUNDLE_IDENTIFIER = com.safiribytes.WetherAppTests;
				PRODUCT_NAME = "$(TARGET_NAME)";
				SDKROOT = auto;
				SUPPORTED_PLATFORMS = "iphoneos iphonesimulator macosx";
				SWIFT_EMIT_LOC_STRINGS = NO;
				SWIFT_VERSION = 5.0;
				TARGETED_DEVICE_FAMILY = "1,2";
				TEST_HOST = "$(BUILT_PRODUCTS_DIR)/WetherApp.app/$(BUNDLE_EXECUTABLE_FOLDER_PATH)/WetherApp";
			};
			name = Debug;
		};
		A3AA7F832AFAAFE70073C50B /* Release */ = {
			isa = XCBuildConfiguration;
			buildSettings = {
				ALWAYS_EMBED_SWIFT_STANDARD_LIBRARIES = YES;
				BUNDLE_LOADER = "$(TEST_HOST)";
				CODE_SIGN_STYLE = Automatic;
				CURRENT_PROJECT_VERSION = 1;
				DEVELOPMENT_TEAM = R866YHG6V5;
				GENERATE_INFOPLIST_FILE = YES;
				IPHONEOS_DEPLOYMENT_TARGET = 16.4;
				MACOSX_DEPLOYMENT_TARGET = 13.2;
				MARKETING_VERSION = 1.0;
				PRODUCT_BUNDLE_IDENTIFIER = com.safiribytes.WetherAppTests;
				PRODUCT_NAME = "$(TARGET_NAME)";
				SDKROOT = auto;
				SUPPORTED_PLATFORMS = "iphoneos iphonesimulator macosx";
				SWIFT_EMIT_LOC_STRINGS = NO;
				SWIFT_VERSION = 5.0;
				TARGETED_DEVICE_FAMILY = "1,2";
				TEST_HOST = "$(BUILT_PRODUCTS_DIR)/WetherApp.app/$(BUNDLE_EXECUTABLE_FOLDER_PATH)/WetherApp";
			};
			name = Release;
		};
		A3AA7F852AFAAFE70073C50B /* Debug */ = {
			isa = XCBuildConfiguration;
			buildSettings = {
				ALWAYS_EMBED_SWIFT_STANDARD_LIBRARIES = YES;
				CODE_SIGN_STYLE = Automatic;
				CURRENT_PROJECT_VERSION = 1;
				DEVELOPMENT_TEAM = R866YHG6V5;
				GENERATE_INFOPLIST_FILE = YES;
				IPHONEOS_DEPLOYMENT_TARGET = 16.4;
				MACOSX_DEPLOYMENT_TARGET = 13.2;
				MARKETING_VERSION = 1.0;
				PRODUCT_BUNDLE_IDENTIFIER = com.safiribytes.WetherAppUITests;
				PRODUCT_NAME = "$(TARGET_NAME)";
				SDKROOT = auto;
				SUPPORTED_PLATFORMS = "iphoneos iphonesimulator macosx";
				SWIFT_EMIT_LOC_STRINGS = NO;
				SWIFT_VERSION = 5.0;
				TARGETED_DEVICE_FAMILY = "1,2";
				TEST_TARGET_NAME = WetherApp;
			};
			name = Debug;
		};
		A3AA7F862AFAAFE70073C50B /* Release */ = {
			isa = XCBuildConfiguration;
			buildSettings = {
				ALWAYS_EMBED_SWIFT_STANDARD_LIBRARIES = YES;
				CODE_SIGN_STYLE = Automatic;
				CURRENT_PROJECT_VERSION = 1;
				DEVELOPMENT_TEAM = R866YHG6V5;
				GENERATE_INFOPLIST_FILE = YES;
				IPHONEOS_DEPLOYMENT_TARGET = 16.4;
				MACOSX_DEPLOYMENT_TARGET = 13.2;
				MARKETING_VERSION = 1.0;
				PRODUCT_BUNDLE_IDENTIFIER = com.safiribytes.WetherAppUITests;
				PRODUCT_NAME = "$(TARGET_NAME)";
				SDKROOT = auto;
				SUPPORTED_PLATFORMS = "iphoneos iphonesimulator macosx";
				SWIFT_EMIT_LOC_STRINGS = NO;
				SWIFT_VERSION = 5.0;
				TARGETED_DEVICE_FAMILY = "1,2";
				TEST_TARGET_NAME = WetherApp;
			};
			name = Release;
		};
/* End XCBuildConfiguration section */

/* Begin XCConfigurationList section */
		A3AA7F542AFAAFE50073C50B /* Build configuration list for PBXProject "WetherApp" */ = {
			isa = XCConfigurationList;
			buildConfigurations = (
				A3AA7F7C2AFAAFE70073C50B /* Debug */,
				A3AA7F7D2AFAAFE70073C50B /* Release */,
			);
			defaultConfigurationIsVisible = 0;
			defaultConfigurationName = Release;
		};
		A3AA7F7E2AFAAFE70073C50B /* Build configuration list for PBXNativeTarget "WetherApp" */ = {
			isa = XCConfigurationList;
			buildConfigurations = (
				A3AA7F7F2AFAAFE70073C50B /* Debug */,
				A3AA7F802AFAAFE70073C50B /* Release */,
			);
			defaultConfigurationIsVisible = 0;
			defaultConfigurationName = Release;
		};
		A3AA7F812AFAAFE70073C50B /* Build configuration list for PBXNativeTarget "WetherAppTests" */ = {
			isa = XCConfigurationList;
			buildConfigurations = (
				A3AA7F822AFAAFE70073C50B /* Debug */,
				A3AA7F832AFAAFE70073C50B /* Release */,
			);
			defaultConfigurationIsVisible = 0;
			defaultConfigurationName = Release;
		};
		A3AA7F842AFAAFE70073C50B /* Build configuration list for PBXNativeTarget "WetherAppUITests" */ = {
			isa = XCConfigurationList;
			buildConfigurations = (
				A3AA7F852AFAAFE70073C50B /* Debug */,
				A3AA7F862AFAAFE70073C50B /* Release */,
			);
			defaultConfigurationIsVisible = 0;
			defaultConfigurationName = Release;
		};
/* End XCConfigurationList section */
	};
	rootObject = A3AA7F512AFAAFE50073C50B /* Project object */;
}
